{
  "pins" : [
    {
      "identity" : "absolutesolver-ios",
      "kind" : "remoteSourceControl",
      "location" : "https://github.com/BomberFish/AbsoluteSolver-iOS.git",
      "state" : {
        "branch" : "main",
        "revision" : "7e0f4b45a3a1d37dfd646a6f55336e77d6f8613d"
      }
    },
    {
      "identity" : "dirtycowkit",
      "kind" : "remoteSourceControl",
      "location" : "https://github.com/BomberFish/DirtyCowKit",
      "state" : {
        "branch" : "main",
        "revision" : "349744780f7928ab2af2d0135f1edae8aee836a1"
      }
    }
  ],
  "version" : 2
}
