// !$*UTF8*$!
{
	archiveVersion = 1;
	classes = {
	};
	objectVersion = 56;
	objects = {

/* Begin PBXBuildFile section */
		FA1853412B15E543007BD642 /* PersistenceHelper_Embedded in Resources */ = {isa = PBXBuildFile; fileRef = FA1853402B15E543007BD642 /* PersistenceHelper_Embedded */; };
		FA9657152B15D50300555D06 /* Log.swift in Sources */ = {isa = PBXBuildFile; fileRef = FA9657142B15D50300555D06 /* Log.swift */; };
		FE27659B2B153E21008ED3AD /* TipsGotTrolledApp.swift in Sources */ = {isa = PBXBuildFile; fileRef = FE27659A2B153E21008ED3AD /* TipsGotTrolledApp.swift */; };
		FE27659D2B153E21008ED3AD /* ContentView.swift in Sources */ = {isa = PBXBuildFile; fileRef = FE27659C2B153E21008ED3AD /* ContentView.swift */; };
		FE27659F2B153E22008ED3AD /* Assets.xcassets in Resources */ = {isa = PBXBuildFile; fileRef = FE27659E2B153E22008ED3AD /* Assets.xcassets */; };
		FE2765A22B153E22008ED3AD /* Preview Assets.xcassets in Resources */ = {isa = PBXBuildFile; fileRef = FE2765A12B153E22008ED3AD /* Preview Assets.xcassets */; };
		FE2765AC2B153E23008ED3AD /* TipsGotTrolledTests.swift in Sources */ = {isa = PBXBuildFile; fileRef = FE2765AB2B153E23008ED3AD /* TipsGotTrolledTests.swift */; };
		FE2765B62B153E23008ED3AD /* TipsGotTrolledUITests.swift in Sources */ = {isa = PBXBuildFile; fileRef = FE2765B52B153E23008ED3AD /* TipsGotTrolledUITests.swift */; };
		FE2765B82B153E23008ED3AD /* TipsGotTrolledUITestsLaunchTests.swift in Sources */ = {isa = PBXBuildFile; fileRef = FE2765B72B153E23008ED3AD /* TipsGotTrolledUITestsLaunchTests.swift */; };
		FE98BECE2B154170009B6AAA /* AbsoluteSolver in Frameworks */ = {isa = PBXBuildFile; productRef = FE98BECD2B154170009B6AAA /* AbsoluteSolver */; };
		FE98BED12B15418B009B6AAA /* TS.swift in Sources */ = {isa = PBXBuildFile; fileRef = FE98BED02B15418B009B6AAA /* TS.swift */; };
/* End PBXBuildFile section */

/* Begin PBXContainerItemProxy section */
		FE2765A82B153E23008ED3AD /* PBXContainerItemProxy */ = {
			isa = PBXContainerItemProxy;
			containerPortal = FE27658F2B153E20008ED3AD /* Project object */;
			proxyType = 1;
			remoteGlobalIDString = FE2765962B153E21008ED3AD;
			remoteInfo = TipsGotTrolled;
		};
		FE2765B22B153E23008ED3AD /* PBXContainerItemProxy */ = {
			isa = PBXContainerItemProxy;
			containerPortal = FE27658F2B153E20008ED3AD /* Project object */;
			proxyType = 1;
			remoteGlobalIDString = FE2765962B153E21008ED3AD;
			remoteInfo = TipsGotTrolled;
		};
/* End PBXContainerItemProxy section */

/* Begin PBXFileReference section */
		FA1853402B15E543007BD642 /* PersistenceHelper_Embedded */ = {isa = PBXFileReference; fileEncoding = 4; lastKnownFileType = text; path = PersistenceHelper_Embedded; sourceTree = SOURCE_ROOT; };
		FA9657142B15D50300555D06 /* Log.swift */ = {isa = PBXFileReference; lastKnownFileType = sourcecode.swift; path = Log.swift; sourceTree = "<group>"; };
		FE2765972B153E21008ED3AD /* TipsGotTrolled.app */ = {isa = PBXFileReference; explicitFileType = wrapper.application; includeInIndex = 0; path = TipsGotTrolled.app; sourceTree = BUILT_PRODUCTS_DIR; };
		FE27659A2B153E21008ED3AD /* TipsGotTrolledApp.swift */ = {isa = PBXFileReference; lastKnownFileType = sourcecode.swift; path = TipsGotTrolledApp.swift; sourceTree = "<group>"; };
		FE27659C2B153E21008ED3AD /* ContentView.swift */ = {isa = PBXFileReference; lastKnownFileType = sourcecode.swift; path = ContentView.swift; sourceTree = "<group>"; };
		FE27659E2B153E22008ED3AD /* Assets.xcassets */ = {isa = PBXFileReference; lastKnownFileType = folder.assetcatalog; path = Assets.xcassets; sourceTree = "<group>"; };
		FE2765A12B153E22008ED3AD /* Preview Assets.xcassets */ = {isa = PBXFileReference; lastKnownFileType = folder.assetcatalog; path = "Preview Assets.xcassets"; sourceTree = "<group>"; };
		FE2765A72B153E23008ED3AD /* TipsGotTrolledTests.xctest */ = {isa = PBXFileReference; explicitFileType = wrapper.cfbundle; includeInIndex = 0; path = TipsGotTrolledTests.xctest; sourceTree = BUILT_PRODUCTS_DIR; };
		FE2765AB2B153E23008ED3AD /* TipsGotTrolledTests.swift */ = {isa = PBXFileReference; lastKnownFileType = sourcecode.swift; path = TipsGotTrolledTests.swift; sourceTree = "<group>"; };
		FE2765B12B153E23008ED3AD /* TipsGotTrolledUITests.xctest */ = {isa = PBXFileReference; explicitFileType = wrapper.cfbundle; includeInIndex = 0; path = TipsGotTrolledUITests.xctest; sourceTree = BUILT_PRODUCTS_DIR; };
		FE2765B52B153E23008ED3AD /* TipsGotTrolledUITests.swift */ = {isa = PBXFileReference; lastKnownFileType = sourcecode.swift; path = TipsGotTrolledUITests.swift; sourceTree = "<group>"; };
		FE2765B72B153E23008ED3AD /* TipsGotTrolledUITestsLaunchTests.swift */ = {isa = PBXFileReference; lastKnownFileType = sourcecode.swift; path = TipsGotTrolledUITestsLaunchTests.swift; sourceTree = "<group>"; };
		FE98BED02B15418B009B6AAA /* TS.swift */ = {isa = PBXFileReference; lastKnownFileType = sourcecode.swift; path = TS.swift; sourceTree = "<group>"; };
/* End PBXFileReference section */

/* Begin PBXFrameworksBuildPhase section */
		FE2765942B153E21008ED3AD /* Frameworks */ = {
			isa = PBXFrameworksBuildPhase;
			buildActionMask = 2147483647;
			files = (
				FE98BECE2B154170009B6AAA /* AbsoluteSolver in Frameworks */,
			);
			runOnlyForDeploymentPostprocessing = 0;
		};
		FE2765A42B153E23008ED3AD /* Frameworks */ = {
			isa = PBXFrameworksBuildPhase;
			buildActionMask = 2147483647;
			files = (
			);
			runOnlyForDeploymentPostprocessing = 0;
		};
		FE2765AE2B153E23008ED3AD /* Frameworks */ = {
			isa = PBXFrameworksBuildPhase;
			buildActionMask = 2147483647;
			files = (
			);
			runOnlyForDeploymentPostprocessing = 0;
		};
/* End PBXFrameworksBuildPhase section */

/* Begin PBXGroup section */
		FE27658E2B153E20008ED3AD = {
			isa = PBXGroup;
			children = (
				FE2765992B153E21008ED3AD /* TipsGotTrolled */,
				FE2765AA2B153E23008ED3AD /* TipsGotTrolledTests */,
				FE2765B42B153E23008ED3AD /* TipsGotTrolledUITests */,
				FE2765982B153E21008ED3AD /* Products */,
			);
			sourceTree = "<group>";
		};
		FE2765982B153E21008ED3AD /* Products */ = {
			isa = PBXGroup;
			children = (
				FE2765972B153E21008ED3AD /* TipsGotTrolled.app */,
				FE2765A72B153E23008ED3AD /* TipsGotTrolledTests.xctest */,
				FE2765B12B153E23008ED3AD /* TipsGotTrolledUITests.xctest */,
			);
			name = Products;
			sourceTree = "<group>";
		};
		FE2765992B153E21008ED3AD /* TipsGotTrolled */ = {
			isa = PBXGroup;
			children = (
				FA1853402B15E543007BD642 /* PersistenceHelper_Embedded */,
				FE98BECF2B154179009B6AAA /* Classes */,
				FE27659A2B153E21008ED3AD /* TipsGotTrolledApp.swift */,
				FE27659C2B153E21008ED3AD /* ContentView.swift */,
				FE27659E2B153E22008ED3AD /* Assets.xcassets */,
				FE2765A02B153E22008ED3AD /* Preview Content */,
			);
			path = TipsGotTrolled;
			sourceTree = "<group>";
		};
		FE2765A02B153E22008ED3AD /* Preview Content */ = {
			isa = PBXGroup;
			children = (
				FE2765A12B153E22008ED3AD /* Preview Assets.xcassets */,
			);
			path = "Preview Content";
			sourceTree = "<group>";
		};
		FE2765AA2B153E23008ED3AD /* TipsGotTrolledTests */ = {
			isa = PBXGroup;
			children = (
				FE2765AB2B153E23008ED3AD /* TipsGotTrolledTests.swift */,
			);
			path = TipsGotTrolledTests;
			sourceTree = "<group>";
		};
		FE2765B42B153E23008ED3AD /* TipsGotTrolledUITests */ = {
			isa = PBXGroup;
			children = (
				FE2765B52B153E23008ED3AD /* TipsGotTrolledUITests.swift */,
				FE2765B72B153E23008ED3AD /* TipsGotTrolledUITestsLaunchTests.swift */,
			);
			path = TipsGotTrolledUITests;
			sourceTree = "<group>";
		};
		FE98BECF2B154179009B6AAA /* Classes */ = {
			isa = PBXGroup;
			children = (
				FE98BED02B15418B009B6AAA /* TS.swift */,
				FA9657142B15D50300555D06 /* Log.swift */,
			);
			path = Classes;
			sourceTree = "<group>";
		};
/* End PBXGroup section */

/* Begin PBXNativeTarget section */
		FE2765962B153E21008ED3AD /* TipsGotTrolled */ = {
			isa = PBXNativeTarget;
			buildConfigurationList = FE2765BB2B153E23008ED3AD /* Build configuration list for PBXNativeTarget "TipsGotTrolled" */;
			buildPhases = (
				FE2765932B153E21008ED3AD /* Sources */,
				FE2765942B153E21008ED3AD /* Frameworks */,
				FE2765952B153E21008ED3AD /* Resources */,
			);
			buildRules = (
			);
			dependencies = (
			);
			name = TipsGotTrolled;
			packageProductDependencies = (
				FE98BECD2B154170009B6AAA /* AbsoluteSolver */,
			);
			productName = TipsGotTrolled;
			productReference = FE2765972B153E21008ED3AD /* TipsGotTrolled.app */;
			productType = "com.apple.product-type.application";
		};
		FE2765A62B153E23008ED3AD /* TipsGotTrolledTests */ = {
			isa = PBXNativeTarget;
			buildConfigurationList = FE2765BE2B153E23008ED3AD /* Build configuration list for PBXNativeTarget "TipsGotTrolledTests" */;
			buildPhases = (
				FE2765A32B153E23008ED3AD /* Sources */,
				FE2765A42B153E23008ED3AD /* Frameworks */,
				FE2765A52B153E23008ED3AD /* Resources */,
			);
			buildRules = (
			);
			dependencies = (
				FE2765A92B153E23008ED3AD /* PBXTargetDependency */,
			);
			name = TipsGotTrolledTests;
			productName = TipsGotTrolledTests;
			productReference = FE2765A72B153E23008ED3AD /* TipsGotTrolledTests.xctest */;
			productType = "com.apple.product-type.bundle.unit-test";
		};
		FE2765B02B153E23008ED3AD /* TipsGotTrolledUITests */ = {
			isa = PBXNativeTarget;
			buildConfigurationList = FE2765C12B153E23008ED3AD /* Build configuration list for PBXNativeTarget "TipsGotTrolledUITests" */;
			buildPhases = (
				FE2765AD2B153E23008ED3AD /* Sources */,
				FE2765AE2B153E23008ED3AD /* Frameworks */,
				FE2765AF2B153E23008ED3AD /* Resources */,
			);
			buildRules = (
			);
			dependencies = (
				FE2765B32B153E23008ED3AD /* PBXTargetDependency */,
			);
			name = TipsGotTrolledUITests;
			productName = TipsGotTrolledUITests;
			productReference = FE2765B12B153E23008ED3AD /* TipsGotTrolledUITests.xctest */;
			productType = "com.apple.product-type.bundle.ui-testing";
		};
/* End PBXNativeTarget section */

/* Begin PBXProject section */
		FE27658F2B153E20008ED3AD /* Project object */ = {
			isa = PBXProject;
			attributes = {
				BuildIndependentTargetsInParallel = 1;
				LastSwiftUpdateCheck = 1510;
				LastUpgradeCheck = 1510;
				TargetAttributes = {
					FE2765962B153E21008ED3AD = {
						CreatedOnToolsVersion = 15.1;
					};
					FE2765A62B153E23008ED3AD = {
						CreatedOnToolsVersion = 15.1;
						TestTargetID = FE2765962B153E21008ED3AD;
					};
					FE2765B02B153E23008ED3AD = {
						CreatedOnToolsVersion = 15.1;
						TestTargetID = FE2765962B153E21008ED3AD;
					};
				};
			};
			buildConfigurationList = FE2765922B153E20008ED3AD /* Build configuration list for PBXProject "TipsGotTrolled" */;
			compatibilityVersion = "Xcode 14.0";
			developmentRegion = en;
			hasScannedForEncodings = 0;
			knownRegions = (
				en,
				Base,
			);
			mainGroup = FE27658E2B153E20008ED3AD;
			packageReferences = (
				FE98BECC2B154170009B6AAA /* XCRemoteSwiftPackageReference "AbsoluteSolver-iOS" */,
			);
			productRefGroup = FE2765982B153E21008ED3AD /* Products */;
			projectDirPath = "";
			projectRoot = "";
			targets = (
				FE2765962B153E21008ED3AD /* TipsGotTrolled */,
				FE2765A62B153E23008ED3AD /* TipsGotTrolledTests */,
				FE2765B02B153E23008ED3AD /* TipsGotTrolledUITests */,
			);
		};
/* End PBXProject section */

/* Begin PBXResourcesBuildPhase section */
		FE2765952B153E21008ED3AD /* Resources */ = {
			isa = PBXResourcesBuildPhase;
			buildActionMask = 2147483647;
			files = (
				FE2765A22B153E22008ED3AD /* Preview Assets.xcassets in Resources */,
				FE27659F2B153E22008ED3AD /* Assets.xcassets in Resources */,
				FA1853412B15E543007BD642 /* PersistenceHelper_Embedded in Resources */,
			);
			runOnlyForDeploymentPostprocessing = 0;
		};
		FE2765A52B153E23008ED3AD /* Resources */ = {
			isa = PBXResourcesBuildPhase;
			buildActionMask = 2147483647;
			files = (
			);
			runOnlyForDeploymentPostprocessing = 0;
		};
		FE2765AF2B153E23008ED3AD /* Resources */ = {
			isa = PBXResourcesBuildPhase;
			buildActionMask = 2147483647;
			files = (
			);
			runOnlyForDeploymentPostprocessing = 0;
		};
/* End PBXResourcesBuildPhase section */

/* Begin PBXSourcesBuildPhase section */
		FE2765932B153E21008ED3AD /* Sources */ = {
			isa = PBXSourcesBuildPhase;
			buildActionMask = 2147483647;
			files = (
				FE98BED12B15418B009B6AAA /* TS.swift in Sources */,
				FE27659D2B153E21008ED3AD /* ContentView.swift in Sources */,
				FA9657152B15D50300555D06 /* Log.swift in Sources */,
				FE27659B2B153E21008ED3AD /* TipsGotTrolledApp.swift in Sources */,
			);
			runOnlyForDeploymentPostprocessing = 0;
		};
		FE2765A32B153E23008ED3AD /* Sources */ = {
			isa = PBXSourcesBuildPhase;
			buildActionMask = 2147483647;
			files = (
				FE2765AC2B153E23008ED3AD /* TipsGotTrolledTests.swift in Sources */,
			);
			runOnlyForDeploymentPostprocessing = 0;
		};
		FE2765AD2B153E23008ED3AD /* Sources */ = {
			isa = PBXSourcesBuildPhase;
			buildActionMask = 2147483647;
			files = (
				FE2765B82B153E23008ED3AD /* TipsGotTrolledUITestsLaunchTests.swift in Sources */,
				FE2765B62B153E23008ED3AD /* TipsGotTrolledUITests.swift in Sources */,
			);
			runOnlyForDeploymentPostprocessing = 0;
		};
/* End PBXSourcesBuildPhase section */

/* Begin PBXTargetDependency section */
		FE2765A92B153E23008ED3AD /* PBXTargetDependency */ = {
			isa = PBXTargetDependency;
			target = FE2765962B153E21008ED3AD /* TipsGotTrolled */;
			targetProxy = FE2765A82B153E23008ED3AD /* PBXContainerItemProxy */;
		};
		FE2765B32B153E23008ED3AD /* PBXTargetDependency */ = {
			isa = PBXTargetDependency;
			target = FE2765962B153E21008ED3AD /* TipsGotTrolled */;
			targetProxy = FE2765B22B153E23008ED3AD /* PBXContainerItemProxy */;
		};
/* End PBXTargetDependency section */

/* Begin XCBuildConfiguration section */
		FE2765B92B153E23008ED3AD /* Debug */ = {
			isa = XCBuildConfiguration;
			buildSettings = {
				ALWAYS_SEARCH_USER_PATHS = NO;
				ASSETCATALOG_COMPILER_GENERATE_SWIFT_ASSET_SYMBOL_EXTENSIONS = YES;
				CLANG_ANALYZER_NONNULL = YES;
				CLANG_ANALYZER_NUMBER_OBJECT_CONVERSION = YES_AGGRESSIVE;
				CLANG_CXX_LANGUAGE_STANDARD = "gnu++20";
				CLANG_ENABLE_MODULES = YES;
				CLANG_ENABLE_OBJC_ARC = YES;
				CLANG_ENABLE_OBJC_WEAK = YES;
				CLANG_WARN_BLOCK_CAPTURE_AUTORELEASING = YES;
				CLANG_WARN_BOOL_CONVERSION = YES;
				CLANG_WARN_COMMA = YES;
				CLANG_WARN_CONSTANT_CONVERSION = YES;
				CLANG_WARN_DEPRECATED_OBJC_IMPLEMENTATIONS = YES;
				CLANG_WARN_DIRECT_OBJC_ISA_USAGE = YES_ERROR;
				CLANG_WARN_DOCUMENTATION_COMMENTS = YES;
				CLANG_WARN_EMPTY_BODY = YES;
				CLANG_WARN_ENUM_CONVERSION = YES;
				CLANG_WARN_INFINITE_RECURSION = YES;
				CLANG_WARN_INT_CONVERSION = YES;
				CLANG_WARN_NON_LITERAL_NULL_CONVERSION = YES;
				CLANG_WARN_OBJC_IMPLICIT_RETAIN_SELF = YES;
				CLANG_WARN_OBJC_LITERAL_CONVERSION = YES;
				CLANG_WARN_OBJC_ROOT_CLASS = YES_ERROR;
				CLANG_WARN_QUOTED_INCLUDE_IN_FRAMEWORK_HEADER = YES;
				CLANG_WARN_RANGE_LOOP_ANALYSIS = YES;
				CLANG_WARN_STRICT_PROTOTYPES = YES;
				CLANG_WARN_SUSPICIOUS_MOVE = YES;
				CLANG_WARN_UNGUARDED_AVAILABILITY = YES_AGGRESSIVE;
				CLANG_WARN_UNREACHABLE_CODE = YES;
				CLANG_WARN__DUPLICATE_METHOD_MATCH = YES;
				COPY_PHASE_STRIP = NO;
				DEBUG_INFORMATION_FORMAT = dwarf;
				ENABLE_STRICT_OBJC_MSGSEND = YES;
				ENABLE_TESTABILITY = YES;
				ENABLE_USER_SCRIPT_SANDBOXING = YES;
				GCC_C_LANGUAGE_STANDARD = gnu17;
				GCC_DYNAMIC_NO_PIC = NO;
				GCC_NO_COMMON_BLOCKS = YES;
				GCC_OPTIMIZATION_LEVEL = 0;
				GCC_PREPROCESSOR_DEFINITIONS = (
					"DEBUG=1",
					"$(inherited)",
				);
				GCC_WARN_64_TO_32_BIT_CONVERSION = YES;
				GCC_WARN_ABOUT_RETURN_TYPE = YES_ERROR;
				GCC_WARN_UNDECLARED_SELECTOR = YES;
				GCC_WARN_UNINITIALIZED_AUTOS = YES_AGGRESSIVE;
				GCC_WARN_UNUSED_FUNCTION = YES;
				GCC_WARN_UNUSED_VARIABLE = YES;
				IPHONEOS_DEPLOYMENT_TARGET = 17.2;
				LOCALIZATION_PREFERS_STRING_CATALOGS = YES;
				MTL_ENABLE_DEBUG_INFO = INCLUDE_SOURCE;
				MTL_FAST_MATH = YES;
				ONLY_ACTIVE_ARCH = YES;
				SDKROOT = iphoneos;
				SWIFT_ACTIVE_COMPILATION_CONDITIONS = "DEBUG $(inherited)";
				SWIFT_OPTIMIZATION_LEVEL = "-Onone";
			};
			name = Debug;
		};
		FE2765BA2B153E23008ED3AD /* Release */ = {
			isa = XCBuildConfiguration;
			buildSettings = {
				ALWAYS_SEARCH_USER_PATHS = NO;
				ASSETCATALOG_COMPILER_GENERATE_SWIFT_ASSET_SYMBOL_EXTENSIONS = YES;
				CLANG_ANALYZER_NONNULL = YES;
				CLANG_ANALYZER_NUMBER_OBJECT_CONVERSION = YES_AGGRESSIVE;
				CLANG_CXX_LANGUAGE_STANDARD = "gnu++20";
				CLANG_ENABLE_MODULES = YES;
				CLANG_ENABLE_OBJC_ARC = YES;
				CLANG_ENABLE_OBJC_WEAK = YES;
				CLANG_WARN_BLOCK_CAPTURE_AUTORELEASING = YES;
				CLANG_WARN_BOOL_CONVERSION = YES;
				CLANG_WARN_COMMA = YES;
				CLANG_WARN_CONSTANT_CONVERSION = YES;
				CLANG_WARN_DEPRECATED_OBJC_IMPLEMENTATIONS = YES;
				CLANG_WARN_DIRECT_OBJC_ISA_USAGE = YES_ERROR;
				CLANG_WARN_DOCUMENTATION_COMMENTS = YES;
				CLANG_WARN_EMPTY_BODY = YES;
				CLANG_WARN_ENUM_CONVERSION = YES;
				CLANG_WARN_INFINITE_RECURSION = YES;
				CLANG_WARN_INT_CONVERSION = YES;
				CLANG_WARN_NON_LITERAL_NULL_CONVERSION = YES;
				CLANG_WARN_OBJC_IMPLICIT_RETAIN_SELF = YES;
				CLANG_WARN_OBJC_LITERAL_CONVERSION = YES;
				CLANG_WARN_OBJC_ROOT_CLASS = YES_ERROR;
				CLANG_WARN_QUOTED_INCLUDE_IN_FRAMEWORK_HEADER = YES;
				CLANG_WARN_RANGE_LOOP_ANALYSIS = YES;
				CLANG_WARN_STRICT_PROTOTYPES = YES;
				CLANG_WARN_SUSPICIOUS_MOVE = YES;
				CLANG_WARN_UNGUARDED_AVAILABILITY = YES_AGGRESSIVE;
				CLANG_WARN_UNREACHABLE_CODE = YES;
				CLANG_WARN__DUPLICATE_METHOD_MATCH = YES;
				COPY_PHASE_STRIP = NO;
				DEBUG_INFORMATION_FORMAT = "dwarf-with-dsym";
				ENABLE_NS_ASSERTIONS = NO;
				ENABLE_STRICT_OBJC_MSGSEND = YES;
				ENABLE_USER_SCRIPT_SANDBOXING = YES;
				GCC_C_LANGUAGE_STANDARD = gnu17;
				GCC_NO_COMMON_BLOCKS = YES;
				GCC_WARN_64_TO_32_BIT_CONVERSION = YES;
				GCC_WARN_ABOUT_RETURN_TYPE = YES_ERROR;
				GCC_WARN_UNDECLARED_SELECTOR = YES;
				GCC_WARN_UNINITIALIZED_AUTOS = YES_AGGRESSIVE;
				GCC_WARN_UNUSED_FUNCTION = YES;
				GCC_WARN_UNUSED_VARIABLE = YES;
				IPHONEOS_DEPLOYMENT_TARGET = 17.2;
				LOCALIZATION_PREFERS_STRING_CATALOGS = YES;
				MTL_ENABLE_DEBUG_INFO = NO;
				MTL_FAST_MATH = YES;
				SDKROOT = iphoneos;
				SWIFT_COMPILATION_MODE = wholemodule;
				VALIDATE_PRODUCT = YES;
			};
			name = Release;
		};
		FE2765BC2B153E23008ED3AD /* Debug */ = {
			isa = XCBuildConfiguration;
			buildSettings = {
				ASSETCATALOG_COMPILER_APPICON_NAME = AppIcon;
				ASSETCATALOG_COMPILER_GLOBAL_ACCENT_COLOR_NAME = AccentColor;
				CODE_SIGN_STYLE = Automatic;
				CURRENT_PROJECT_VERSION = 1;
				DEVELOPMENT_ASSET_PATHS = "\"TipsGotTrolled/Preview Content\"";
				DEVELOPMENT_TEAM = 7G89J82G2A;
				ENABLE_PREVIEWS = YES;
				GENERATE_INFOPLIST_FILE = YES;
				INFOPLIST_KEY_NSAppleMusicUsageDescription = "Needed to find the path to Tips.app executable.";
				INFOPLIST_KEY_UIApplicationSceneManifest_Generation = YES;
				INFOPLIST_KEY_UIApplicationSupportsIndirectInputEvents = YES;
				INFOPLIST_KEY_UILaunchScreen_Generation = YES;
				INFOPLIST_KEY_UISupportedInterfaceOrientations_iPad = "UIInterfaceOrientationPortrait UIInterfaceOrientationPortraitUpsideDown UIInterfaceOrientationLandscapeLeft UIInterfaceOrientationLandscapeRight";
				INFOPLIST_KEY_UISupportedInterfaceOrientations_iPhone = "UIInterfaceOrientationPortrait UIInterfaceOrientationLandscapeLeft UIInterfaceOrientationLandscapeRight";
				IPHONEOS_DEPLOYMENT_TARGET = 15.4;
				LD_RUNPATH_SEARCH_PATHS = (
					"$(inherited)",
					"@executable_path/Frameworks",
				);
				MARKETING_VERSION = 1.2;
				PRODUCT_BUNDLE_IDENTIFIER = com.haxi0.TipsGotTrolled;
				PRODUCT_NAME = "$(TARGET_NAME)";
				SWIFT_EMIT_LOC_STRINGS = YES;
				SWIFT_VERSION = 5.0;
				TARGETED_DEVICE_FAMILY = "1,2";
			};
			name = Debug;
		};
		FE2765BD2B153E23008ED3AD /* Release */ = {
			isa = XCBuildConfiguration;
			buildSettings = {
				ASSETCATALOG_COMPILER_APPICON_NAME = AppIcon;
				ASSETCATALOG_COMPILER_GLOBAL_ACCENT_COLOR_NAME = AccentColor;
				CODE_SIGN_STYLE = Automatic;
				CURRENT_PROJECT_VERSION = 1;
				DEVELOPMENT_ASSET_PATHS = "\"TipsGotTrolled/Preview Content\"";
				DEVELOPMENT_TEAM = 7G89J82G2A;
				ENABLE_PREVIEWS = YES;
				GENERATE_INFOPLIST_FILE = YES;
				INFOPLIST_KEY_NSAppleMusicUsageDescription = "Needed to find the path to Tips.app executable.";
				INFOPLIST_KEY_UIApplicationSceneManifest_Generation = YES;
				INFOPLIST_KEY_UIApplicationSupportsIndirectInputEvents = YES;
				INFOPLIST_KEY_UILaunchScreen_Generation = YES;
				INFOPLIST_KEY_UISupportedInterfaceOrientations_iPad = "UIInterfaceOrientationPortrait UIInterfaceOrientationPortraitUpsideDown UIInterfaceOrientationLandscapeLeft UIInterfaceOrientationLandscapeRight";
				INFOPLIST_KEY_UISupportedInterfaceOrientations_iPhone = "UIInterfaceOrientationPortrait UIInterfaceOrientationLandscapeLeft UIInterfaceOrientationLandscapeRight";
				IPHONEOS_DEPLOYMENT_TARGET = 15.4;
				LD_RUNPATH_SEARCH_PATHS = (
					"$(inherited)",
					"@executable_path/Frameworks",
				);
				MARKETING_VERSION = 1.2;
				PRODUCT_BUNDLE_IDENTIFIER = com.haxi0.TipsGotTrolled;
				PRODUCT_NAME = "$(TARGET_NAME)";
				SWIFT_EMIT_LOC_STRINGS = YES;
				SWIFT_VERSION = 5.0;
				TARGETED_DEVICE_FAMILY = "1,2";
			};
			name = Release;
		};
		FE2765BF2B153E23008ED3AD /* Debug */ = {
			isa = XCBuildConfiguration;
			buildSettings = {
				ALWAYS_EMBED_SWIFT_STANDARD_LIBRARIES = YES;
				BUNDLE_LOADER = "$(TEST_HOST)";
				CODE_SIGN_STYLE = Automatic;
				CURRENT_PROJECT_VERSION = 1;
				DEVELOPMENT_TEAM = HD373A4P3H;
				GENERATE_INFOPLIST_FILE = YES;
				IPHONEOS_DEPLOYMENT_TARGET = 17.2;
				MARKETING_VERSION = 1.0;
				PRODUCT_BUNDLE_IDENTIFIER = com.haxi0.TipsGotTrolledTests;
				PRODUCT_NAME = "$(TARGET_NAME)";
				SWIFT_EMIT_LOC_STRINGS = NO;
				SWIFT_VERSION = 5.0;
				TARGETED_DEVICE_FAMILY = "1,2";
				TEST_HOST = "$(BUILT_PRODUCTS_DIR)/TipsGotTrolled.app/$(BUNDLE_EXECUTABLE_FOLDER_PATH)/TipsGotTrolled";
			};
			name = Debug;
		};
		FE2765C02B153E23008ED3AD /* Release */ = {
			isa = XCBuildConfiguration;
			buildSettings = {
				ALWAYS_EMBED_SWIFT_STANDARD_LIBRARIES = YES;
				BUNDLE_LOADER = "$(TEST_HOST)";
				CODE_SIGN_STYLE = Automatic;
				CURRENT_PROJECT_VERSION = 1;
				DEVELOPMENT_TEAM = HD373A4P3H;
				GENERATE_INFOPLIST_FILE = YES;
				IPHONEOS_DEPLOYMENT_TARGET = 17.2;
				MARKETING_VERSION = 1.0;
				PRODUCT_BUNDLE_IDENTIFIER = com.haxi0.TipsGotTrolledTests;
				PRODUCT_NAME = "$(TARGET_NAME)";
				SWIFT_EMIT_LOC_STRINGS = NO;
				SWIFT_VERSION = 5.0;
				TARGETED_DEVICE_FAMILY = "1,2";
				TEST_HOST = "$(BUILT_PRODUCTS_DIR)/TipsGotTrolled.app/$(BUNDLE_EXECUTABLE_FOLDER_PATH)/TipsGotTrolled";
			};
			name = Release;
		};
		FE2765C22B153E23008ED3AD /* Debug */ = {
			isa = XCBuildConfiguration;
			buildSettings = {
				ALWAYS_EMBED_SWIFT_STANDARD_LIBRARIES = YES;
				CODE_SIGN_STYLE = Automatic;
				CURRENT_PROJECT_VERSION = 1;
				DEVELOPMENT_TEAM = HD373A4P3H;
				GENERATE_INFOPLIST_FILE = YES;
				MARKETING_VERSION = 1.0;
				PRODUCT_BUNDLE_IDENTIFIER = com.haxi0.TipsGotTrolledUITests;
				PRODUCT_NAME = "$(TARGET_NAME)";
				SWIFT_EMIT_LOC_STRINGS = NO;
				SWIFT_VERSION = 5.0;
				TARGETED_DEVICE_FAMILY = "1,2";
				TEST_TARGET_NAME = TipsGotTrolled;
			};
			name = Debug;
		};
		FE2765C32B153E23008ED3AD /* Release */ = {
			isa = XCBuildConfiguration;
			buildSettings = {
				ALWAYS_EMBED_SWIFT_STANDARD_LIBRARIES = YES;
				CODE_SIGN_STYLE = Automatic;
				CURRENT_PROJECT_VERSION = 1;
				DEVELOPMENT_TEAM = HD373A4P3H;
				GENERATE_INFOPLIST_FILE = YES;
				MARKETING_VERSION = 1.0;
				PRODUCT_BUNDLE_IDENTIFIER = com.haxi0.TipsGotTrolledUITests;
				PRODUCT_NAME = "$(TARGET_NAME)";
				SWIFT_EMIT_LOC_STRINGS = NO;
				SWIFT_VERSION = 5.0;
				TARGETED_DEVICE_FAMILY = "1,2";
				TEST_TARGET_NAME = TipsGotTrolled;
			};
			name = Release;
		};
/* End XCBuildConfiguration section */

/* Begin XCConfigurationList section */
		FE2765922B153E20008ED3AD /* Build configuration list for PBXProject "TipsGotTrolled" */ = {
			isa = XCConfigurationList;
			buildConfigurations = (
				FE2765B92B153E23008ED3AD /* Debug */,
				FE2765BA2B153E23008ED3AD /* Release */,
			);
			defaultConfigurationIsVisible = 0;
			defaultConfigurationName = Release;
		};
		FE2765BB2B153E23008ED3AD /* Build configuration list for PBXNativeTarget "TipsGotTrolled" */ = {
			isa = XCConfigurationList;
			buildConfigurations = (
				FE2765BC2B153E23008ED3AD /* Debug */,
				FE2765BD2B153E23008ED3AD /* Release */,
			);
			defaultConfigurationIsVisible = 0;
			defaultConfigurationName = Release;
		};
		FE2765BE2B153E23008ED3AD /* Build configuration list for PBXNativeTarget "TipsGotTrolledTests" */ = {
			isa = XCConfigurationList;
			buildConfigurations = (
				FE2765BF2B153E23008ED3AD /* Debug */,
				FE2765C02B153E23008ED3AD /* Release */,
			);
			defaultConfigurationIsVisible = 0;
			defaultConfigurationName = Release;
		};
		FE2765C12B153E23008ED3AD /* Build configuration list for PBXNativeTarget "TipsGotTrolledUITests" */ = {
			isa = XCConfigurationList;
			buildConfigurations = (
				FE2765C22B153E23008ED3AD /* Debug */,
				FE2765C32B153E23008ED3AD /* Release */,
			);
			defaultConfigurationIsVisible = 0;
			defaultConfigurationName = Release;
		};
/* End XCConfigurationList section */

/* Begin XCRemoteSwiftPackageReference section */
		FE98BECC2B154170009B6AAA /* XCRemoteSwiftPackageReference "AbsoluteSolver-iOS" */ = {
			isa = XCRemoteSwiftPackageReference;
			repositoryURL = "https://github.com/BomberFish/AbsoluteSolver-iOS.git";
			requirement = {
				branch = main;
				kind = branch;
			};
		};
/* End XCRemoteSwiftPackageReference section */

/* Begin XCSwiftPackageProductDependency section */
		FE98BECD2B154170009B6AAA /* AbsoluteSolver */ = {
			isa = XCSwiftPackageProductDependency;
			package = FE98BECC2B154170009B6AAA /* XCRemoteSwiftPackageReference "AbsoluteSolver-iOS" */;
			productName = AbsoluteSolver;
		};
/* End XCSwiftPackageProductDependency section */
	};
	rootObject = FE27658F2B153E20008ED3AD /* Project object */;
}
